
Microsoft Visual Studio Solution File, Format Version 12.00
# Visual Studio Version 17
VisualStudioVersion = 17.10.35201.131
MinimumVisualStudioVersion = 10.0.40219.1
Project("{FAE04EC0-301F-11D3-BF4B-00C04F79EFBC}") = "FlightBookingDemo4", "FlightBookingDemo4\FlightBookingDemo4.csproj", "{DAADE01C-2552-4FFB-A594-CA082D121CF9}"
EndProject
Global
	GlobalSection(SolutionConfigurationPlatforms) = preSolution
		Debug|Any CPU = Debug|Any CPU
		Release|Any CPU = Release|Any CPU
	EndGlobalSection
	GlobalSection(ProjectConfigurationPlatforms) = postSolution
		{DAADE01C-2552-4FFB-A594-CA082D121CF9}.Debug|Any CPU.ActiveCfg = Debug|Any CPU
		{DAADE01C-2552-4FFB-A594-CA082D121CF9}.Debug|Any CPU.Build.0 = Debug|Any CPU
		{DAADE01C-2552-4FFB-A594-CA082D121CF9}.Release|Any CPU.ActiveCfg = Release|Any CPU
		{DAADE01C-2552-4FFB-A594-CA082D121CF9}.Release|Any CPU.Build.0 = Release|Any CPU
	EndGlobalSection
	GlobalSection(SolutionProperties) = preSolution
		HideSolutionNode = FALSE
	EndGlobalSection
	GlobalSection(ExtensibilityGlobals) = postSolution
		SolutionGuid = {FEDF7F62-EDFB-4770-9350-AF730CCA3255}
	EndGlobalSection
EndGlobal
